
Microsoft Visual Studio Solution File, Format Version 12.00
# Visual Studio Version 17
VisualStudioVersion = 17.8.34330.188
MinimumVisualStudioVersion = 10.0.40219.1
Project("{FAE04EC0-301F-11D3-BF4B-00C04F79EFBC}") = "ExcelSample", "ExcelSample\ExcelSample.csproj", "{76814F76-A926-4852-9A40-197B606951FB}"
EndProject
Project("{FAE04EC0-301F-11D3-BF4B-00C04F79EFBC}") = "ComDispatchProxy", "ComDispatchProxy\ComDispatchProxy.csproj", "{4261A812-7ECF-411C-BEA2-30D523740B49}"
EndProject
Project("{FAE04EC0-301F-11D3-BF4B-00C04F79EFBC}") = "ProxyFactories", "ProxyFactories\ProxyFactories.csproj", "{86A3F5C7-A4C8-461B-8DE5-D4F9072BBD22}"
EndProject
Global
	GlobalSection(SolutionConfigurationPlatforms) = preSolution
		Debug|Any CPU = Debug|Any CPU
		Release|Any CPU = Release|Any CPU
	EndGlobalSection
	GlobalSection(ProjectConfigurationPlatforms) = postSolution
		{76814F76-A926-4852-9A40-197B606951FB}.Debug|Any CPU.ActiveCfg = Debug|Any CPU
		{76814F76-A926-4852-9A40-197B606951FB}.Debug|Any CPU.Build.0 = Debug|Any CPU
		{76814F76-A926-4852-9A40-197B606951FB}.Release|Any CPU.ActiveCfg = Release|Any CPU
		{76814F76-A926-4852-9A40-197B606951FB}.Release|Any CPU.Build.0 = Release|Any CPU
		{4261A812-7ECF-411C-BEA2-30D523740B49}.Debug|Any CPU.ActiveCfg = Debug|Any CPU
		{4261A812-7ECF-411C-BEA2-30D523740B49}.Debug|Any CPU.Build.0 = Debug|Any CPU
		{4261A812-7ECF-411C-BEA2-30D523740B49}.Release|Any CPU.ActiveCfg = Release|Any CPU
		{4261A812-7ECF-411C-BEA2-30D523740B49}.Release|Any CPU.Build.0 = Release|Any CPU
		{86A3F5C7-A4C8-461B-8DE5-D4F9072BBD22}.Debug|Any CPU.ActiveCfg = Debug|Any CPU
		{86A3F5C7-A4C8-461B-8DE5-D4F9072BBD22}.Debug|Any CPU.Build.0 = Debug|Any CPU
		{86A3F5C7-A4C8-461B-8DE5-D4F9072BBD22}.Release|Any CPU.ActiveCfg = Release|Any CPU
		{86A3F5C7-A4C8-461B-8DE5-D4F9072BBD22}.Release|Any CPU.Build.0 = Release|Any CPU
	EndGlobalSection
	GlobalSection(SolutionProperties) = preSolution
		HideSolutionNode = FALSE
	EndGlobalSection
	GlobalSection(ExtensibilityGlobals) = postSolution
		SolutionGuid = {3DA0B8CB-0570-4CB6-B495-6857594ABD0B}
	EndGlobalSection
EndGlobal
